
Microsoft Visual Studio Solution File, Format Version 12.00
# Visual Studio Version 16
VisualStudioVersion = 16.0.30011.22
MinimumVisualStudioVersion = 10.0.40219.1
Project("{FAE04EC0-301F-11D3-BF4B-00C04F79EFBC}") = "Polizas.API", "Polizas.API.csproj", "{77A3AA89-C1CA-45D4-B8BA-E38006708DDA}"
EndProject
Global
	GlobalSection(SolutionConfigurationPlatforms) = preSolution
		Debug|Any CPU = Debug|Any CPU
		Release|Any CPU = Release|Any CPU
	EndGlobalSection
	GlobalSection(ProjectConfigurationPlatforms) = postSolution
		{77A3AA89-C1CA-45D4-B8BA-E38006708DDA}.Debug|Any CPU.ActiveCfg = Debug|Any CPU
		{77A3AA89-C1CA-45D4-B8BA-E38006708DDA}.Debug|Any CPU.Build.0 = Debug|Any CPU
		{77A3AA89-C1CA-45D4-B8BA-E38006708DDA}.Release|Any CPU.ActiveCfg = Release|Any CPU
		{77A3AA89-C1CA-45D4-B8BA-E38006708DDA}.Release|Any CPU.Build.0 = Release|Any CPU
	EndGlobalSection
	GlobalSection(SolutionProperties) = preSolution
		HideSolutionNode = FALSE
	EndGlobalSection
	GlobalSection(ExtensibilityGlobals) = postSolution
		SolutionGuid = {AA3F392B-CB00-4331-B0F5-1793AEA0F043}
	EndGlobalSection
EndGlobal
